<Solution>
  <Folder Name="/samples/">
    <Project Path="samples/Parithon.Aspire.Hosting.Authentik.AppHost/Parithon.Aspire.Hosting.Authentik.AppHost.csproj" />
  </Folder>
  <Folder Name="/src/">
    <Project Path="src/Parithon.Aspire.Hosting.Authentik/Parithon.Aspire.Hosting.Authentik.csproj" />
  </Folder>
  <Folder Name="/tests/">
    <Project Path="tests/Parithon.Aspire.Hosting.Authentik.Tests/Parithon.Aspire.Hosting.Authentik.Tests.csproj" />
  </Folder>
</Solution>
